
Microsoft Visual Studio Solution File, Format Version 12.00
# Visual Studio Express 2012 for Windows Desktop
Project("{FAE04EC0-301F-11D3-BF4B-00C04F79EFBC}") = "Pilots", "Pilots\Pilots.csproj", "{A2F0DFBE-E5C6-4332-BEA2-3A7CF2108A85}"
EndProject
Global
	GlobalSection(SolutionConfigurationPlatforms) = preSolution
		Debug|Any CPU = Debug|Any CPU
		Release|Any CPU = Release|Any CPU
	EndGlobalSection
	GlobalSection(ProjectConfigurationPlatforms) = postSolution
		{A2F0DFBE-E5C6-4332-BEA2-3A7CF2108A85}.Debug|Any CPU.ActiveCfg = Debug|Any CPU
		{A2F0DFBE-E5C6-4332-BEA2-3A7CF2108A85}.Debug|Any CPU.Build.0 = Debug|Any CPU
		{A2F0DFBE-E5C6-4332-BEA2-3A7CF2108A85}.Release|Any CPU.ActiveCfg = Release|Any CPU
		{A2F0DFBE-E5C6-4332-BEA2-3A7CF2108A85}.Release|Any CPU.Build.0 = Release|Any CPU
	EndGlobalSection
	GlobalSection(SolutionProperties) = preSolution
		HideSolutionNode = FALSE
	EndGlobalSection
EndGlobal
